
Microsoft Visual Studio Solution File, Format Version 12.00
# Visual Studio Version 17
VisualStudioVersion = 17.8.34309.116
MinimumVisualStudioVersion = 10.0.40219.1
Project("{FAE04EC0-301F-11D3-BF4B-00C04F79EFBC}") = "Student Management System(SMS)", "Student Management System(SMS)\Student Management System(SMS).csproj", "{12FFFDEA-97D6-430A-BD88-81A64551FEA7}"
EndProject
Global
	GlobalSection(SolutionConfigurationPlatforms) = preSolution
		Debug|Any CPU = Debug|Any CPU
		Release|Any CPU = Release|Any CPU
	EndGlobalSection
	GlobalSection(ProjectConfigurationPlatforms) = postSolution
		{12FFFDEA-97D6-430A-BD88-81A64551FEA7}.Debug|Any CPU.ActiveCfg = Debug|Any CPU
		{12FFFDEA-97D6-430A-BD88-81A64551FEA7}.Debug|Any CPU.Build.0 = Debug|Any CPU
		{12FFFDEA-97D6-430A-BD88-81A64551FEA7}.Release|Any CPU.ActiveCfg = Release|Any CPU
		{12FFFDEA-97D6-430A-BD88-81A64551FEA7}.Release|Any CPU.Build.0 = Release|Any CPU
	EndGlobalSection
	GlobalSection(SolutionProperties) = preSolution
		HideSolutionNode = FALSE
	EndGlobalSection
	GlobalSection(ExtensibilityGlobals) = postSolution
		SolutionGuid = {2A11CF94-4C6A-4829-A059-72C7EA512AF8}
	EndGlobalSection
EndGlobal
